// !$*UTF8*$!
{
	archiveVersion = 1;
	classes = {
	};
	objectVersion = 46;
	objects = {

/* Begin PBXBuildFile section */
		34A6627C1BDF0E1100EF0FEA /* Cedar.framework in Frameworks */ = {isa = PBXBuildFile; fileRef = 34A6627A1BDF0E0400EF0FEA /* Cedar.framework */; };
		34A6627E1BDF0EE200EF0FEA /* Cedar.framework in CopyFiles */ = {isa = PBXBuildFile; fileRef = 34A6627A1BDF0E0400EF0FEA /* Cedar.framework */; settings = {ATTRIBUTES = (CodeSignOnCopy, RemoveHeadersOnCopy, ); }; };
		34A6628C1BDF10D900EF0FEA /* FakeHTTP.m in Sources */ = {isa = PBXBuildFile; fileRef = E1C4E7D0161E24B20005AF7B /* FakeHTTP.m */; };
		34A6628D1BDF10E300EF0FEA /* FakeHTTPURLProtocol.m in Sources */ = {isa = PBXBuildFile; fileRef = E1C3F249161E29F60023DCBB /* FakeHTTPURLProtocol.m */; };
		34A6628E1BDF10E700EF0FEA /* FakeHTTPURLResponse.m in Sources */ = {isa = PBXBuildFile; fileRef = E1C3328016236AAD005F2C6B /* FakeHTTPURLResponse.m */; };
		34A6628F1BDF112F00EF0FEA /* FakeHTTPURLResponse.h in Headers */ = {isa = PBXBuildFile; fileRef = E1C3327F16236AAD005F2C6B /* FakeHTTPURLResponse.h */; settings = {ATTRIBUTES = (Public, ); }; };
		34A662901BDF114100EF0FEA /* FakeHTTP.h in Headers */ = {isa = PBXBuildFile; fileRef = E1C4E7CE161E24B20005AF7B /* FakeHTTP.h */; settings = {ATTRIBUTES = (Public, ); }; };
		34A662911BDF114100EF0FEA /* FakeHTTPURLResponse.h in Headers */ = {isa = PBXBuildFile; fileRef = E1C3327F16236AAD005F2C6B /* FakeHTTPURLResponse.h */; settings = {ATTRIBUTES = (Public, ); }; };
		34A662941BDF116200EF0FEA /* Foundation.framework in Frameworks */ = {isa = PBXBuildFile; fileRef = 34A662931BDF116200EF0FEA /* Foundation.framework */; };
		34A662961BDF118300EF0FEA /* FakeHTTP.h in Headers */ = {isa = PBXBuildFile; fileRef = E1C4E7CE161E24B20005AF7B /* FakeHTTP.h */; settings = {ATTRIBUTES = (Public, ); }; };
		34A662971BDF118300EF0FEA /* FakeHTTPURLResponse.h in Headers */ = {isa = PBXBuildFile; fileRef = E1C3327F16236AAD005F2C6B /* FakeHTTPURLResponse.h */; settings = {ATTRIBUTES = (Public, ); }; };
		34A662A61BDF124F00EF0FEA /* FakeHTTP.h in Headers */ = {isa = PBXBuildFile; fileRef = E1C4E7CE161E24B20005AF7B /* FakeHTTP.h */; settings = {ATTRIBUTES = (Public, ); }; };
		34A662A71BDF124F00EF0FEA /* FakeHTTPURLProtocol.h in Headers */ = {isa = PBXBuildFile; fileRef = E1C3F248161E29F60023DCBB /* FakeHTTPURLProtocol.h */; settings = {ATTRIBUTES = (Public, ); }; };
		34A662A81BDF124F00EF0FEA /* FakeHTTPURLResponse.h in Headers */ = {isa = PBXBuildFile; fileRef = E1C3327F16236AAD005F2C6B /* FakeHTTPURLResponse.h */; settings = {ATTRIBUTES = (Public, ); }; };
		34A662A91BDF124F00EF0FEA /* FakeHTTPURLProtocol.h in Headers */ = {isa = PBXBuildFile; fileRef = E1C3F248161E29F60023DCBB /* FakeHTTPURLProtocol.h */; settings = {ATTRIBUTES = (Public, ); }; };
		34A662AA1BDF125000EF0FEA /* FakeHTTPURLProtocol.h in Headers */ = {isa = PBXBuildFile; fileRef = E1C3F248161E29F60023DCBB /* FakeHTTPURLProtocol.h */; settings = {ATTRIBUTES = (Public, ); }; };
		34A662AB1BDF125100EF0FEA /* FakeHTTPURLProtocol.h in Headers */ = {isa = PBXBuildFile; fileRef = E1C3F248161E29F60023DCBB /* FakeHTTPURLProtocol.h */; settings = {ATTRIBUTES = (Public, ); }; };
		34A662AC1BDF125B00EF0FEA /* FakeHTTP.m in Sources */ = {isa = PBXBuildFile; fileRef = E1C4E7D0161E24B20005AF7B /* FakeHTTP.m */; };
		34A662AD1BDF125B00EF0FEA /* FakeHTTPURLProtocol.m in Sources */ = {isa = PBXBuildFile; fileRef = E1C3F249161E29F60023DCBB /* FakeHTTPURLProtocol.m */; };
		34A662AE1BDF125B00EF0FEA /* FakeHTTPURLResponse.m in Sources */ = {isa = PBXBuildFile; fileRef = E1C3328016236AAD005F2C6B /* FakeHTTPURLResponse.m */; };
		34A662B01BDF129400EF0FEA /* Foundation.framework in Frameworks */ = {isa = PBXBuildFile; fileRef = 34A662AF1BDF129400EF0FEA /* Foundation.framework */; };
		34A662B21BDF12D100EF0FEA /* Default-568h@2x.png in Resources */ = {isa = PBXBuildFile; fileRef = 34A662B11BDF12D100EF0FEA /* Default-568h@2x.png */; };
		AE104EC71707CB5700A9171F /* Cocoa.framework in Frameworks */ = {isa = PBXBuildFile; fileRef = AE104EC61707CB5700A9171F /* Cocoa.framework */; };
		AE104ED61707CB8C00A9171F /* FakeHTTP.m in Sources */ = {isa = PBXBuildFile; fileRef = E1C4E7D0161E24B20005AF7B /* FakeHTTP.m */; };
		AE104ED71707CB9200A9171F /* FakeHTTPURLProtocol.m in Sources */ = {isa = PBXBuildFile; fileRef = E1C3F249161E29F60023DCBB /* FakeHTTPURLProtocol.m */; };
		AE104ED81707CB9700A9171F /* FakeHTTPURLResponse.m in Sources */ = {isa = PBXBuildFile; fileRef = E1C3328016236AAD005F2C6B /* FakeHTTPURLResponse.m */; };
		E18611E016B0891300C3D56C /* AsyncHelper.m in Sources */ = {isa = PBXBuildFile; fileRef = E18611DF16B0891300C3D56C /* AsyncHelper.m */; };
		E1C332831624BD5F005F2C6B /* FakeHTTPURLResponse.m in Sources */ = {isa = PBXBuildFile; fileRef = E1C3328016236AAD005F2C6B /* FakeHTTPURLResponse.m */; };
		E1C3F231161E28FC0023DCBB /* UIKit.framework in Frameworks */ = {isa = PBXBuildFile; fileRef = E1C4E7DF161E24D30005AF7B /* UIKit.framework */; };
		E1C3F232161E28FC0023DCBB /* Foundation.framework in Frameworks */ = {isa = PBXBuildFile; fileRef = E1C4E7C9161E24B20005AF7B /* Foundation.framework */; };
		E1C3F234161E28FC0023DCBB /* CoreGraphics.framework in Frameworks */ = {isa = PBXBuildFile; fileRef = E1C3F233161E28FC0023DCBB /* CoreGraphics.framework */; };
		E1C3F23C161E28FC0023DCBB /* main.mm in Sources */ = {isa = PBXBuildFile; fileRef = E1C3F23B161E28FC0023DCBB /* main.mm */; };
		E1C3F247161E290D0023DCBB /* libFakeHTTP.a in Frameworks */ = {isa = PBXBuildFile; fileRef = E1C4E7C6161E24B20005AF7B /* libFakeHTTP.a */; };
		E1C3F24A161E29F60023DCBB /* FakeHTTPURLProtocol.m in Sources */ = {isa = PBXBuildFile; fileRef = E1C3F249161E29F60023DCBB /* FakeHTTPURLProtocol.m */; };
		E1C3F24C161E2AB20023DCBB /* FakeHTTPURLProtocolSpec.mm in Sources */ = {isa = PBXBuildFile; fileRef = E1C3F24B161E2AB20023DCBB /* FakeHTTPURLProtocolSpec.mm */; };
		E1C4E7CA161E24B20005AF7B /* Foundation.framework in Frameworks */ = {isa = PBXBuildFile; fileRef = E1C4E7C9161E24B20005AF7B /* Foundation.framework */; };
		E1C4E7CF161E24B20005AF7B /* FakeHTTP.h in Headers */ = {isa = PBXBuildFile; fileRef = E1C4E7CE161E24B20005AF7B /* FakeHTTP.h */; settings = {ATTRIBUTES = (Public, ); }; };
		E1C4E7D1161E24B20005AF7B /* FakeHTTP.m in Sources */ = {isa = PBXBuildFile; fileRef = E1C4E7D0161E24B20005AF7B /* FakeHTTP.m */; };
		E1C822F31624C0620097E199 /* FakeHTTPSpec.mm in Sources */ = {isa = PBXBuildFile; fileRef = E1C822F21624C0620097E199 /* FakeHTTPSpec.mm */; };
/* End PBXBuildFile section */

/* Begin PBXContainerItemProxy section */
		E1C3F245161E29070023DCBB /* PBXContainerItemProxy */ = {
			isa = PBXContainerItemProxy;
			containerPortal = E1C4E7BD161E24B20005AF7B /* Project object */;
			proxyType = 1;
			remoteGlobalIDString = E1C4E7C5161E24B20005AF7B;
			remoteInfo = FakeHTTP;
		};
/* End PBXContainerItemProxy section */

/* Begin PBXCopyFilesBuildPhase section */
		34A6627D1BDF0EDA00EF0FEA /* CopyFiles */ = {
			isa = PBXCopyFilesBuildPhase;
			buildActionMask = 2147483647;
			dstPath = "";
			dstSubfolderSpec = 10;
			files = (
				34A6627E1BDF0EE200EF0FEA /* Cedar.framework in CopyFiles */,
			);
			runOnlyForDeploymentPostprocessing = 0;
		};
/* End PBXCopyFilesBuildPhase section */

/* Begin PBXFileReference section */
		34A6627A1BDF0E0400EF0FEA /* Cedar.framework */ = {isa = PBXFileReference; lastKnownFileType = wrapper.framework; name = Cedar.framework; path = Specs/Frameworks/Cedar.framework; sourceTree = "<group>"; };
		34A662831BDF104B00EF0FEA /* libFakeHTTP.a */ = {isa = PBXFileReference; explicitFileType = archive.ar; includeInIndex = 0; path = libFakeHTTP.a; sourceTree = BUILT_PRODUCTS_DIR; };
		34A662931BDF116200EF0FEA /* Foundation.framework */ = {isa = PBXFileReference; lastKnownFileType = wrapper.framework; name = Foundation.framework; path = Platforms/AppleTVOS.platform/Developer/SDKs/AppleTVOS9.0.sdk/System/Library/Frameworks/Foundation.framework; sourceTree = DEVELOPER_DIR; };
		34A6629C1BDF122100EF0FEA /* libFakeHTTP-watchOS.a */ = {isa = PBXFileReference; explicitFileType = archive.ar; includeInIndex = 0; path = "libFakeHTTP-watchOS.a"; sourceTree = BUILT_PRODUCTS_DIR; };
		34A662AF1BDF129400EF0FEA /* Foundation.framework */ = {isa = PBXFileReference; lastKnownFileType = wrapper.framework; name = Foundation.framework; path = Platforms/WatchOS.platform/Developer/SDKs/WatchOS2.0.sdk/System/Library/Frameworks/Foundation.framework; sourceTree = DEVELOPER_DIR; };
		34A662B11BDF12D100EF0FEA /* Default-568h@2x.png */ = {isa = PBXFileReference; lastKnownFileType = image.png; path = "Default-568h@2x.png"; sourceTree = "<group>"; };
		AE104EC51707CB5700A9171F /* libFakeHTTP.a */ = {isa = PBXFileReference; explicitFileType = archive.ar; includeInIndex = 0; path = libFakeHTTP.a; sourceTree = BUILT_PRODUCTS_DIR; };
		AE104EC61707CB5700A9171F /* Cocoa.framework */ = {isa = PBXFileReference; lastKnownFileType = wrapper.framework; name = Cocoa.framework; path = Library/Frameworks/Cocoa.framework; sourceTree = DEVELOPER_DIR; };
		E18611DE16B0891300C3D56C /* AsyncHelper.h */ = {isa = PBXFileReference; fileEncoding = 4; lastKnownFileType = sourcecode.c.h; path = AsyncHelper.h; sourceTree = "<group>"; };
		E18611DF16B0891300C3D56C /* AsyncHelper.m */ = {isa = PBXFileReference; fileEncoding = 4; lastKnownFileType = sourcecode.c.objc; path = AsyncHelper.m; sourceTree = "<group>"; };
		E1C3327F16236AAD005F2C6B /* FakeHTTPURLResponse.h */ = {isa = PBXFileReference; fileEncoding = 4; lastKnownFileType = sourcecode.c.h; path = FakeHTTPURLResponse.h; sourceTree = "<group>"; };
		E1C3328016236AAD005F2C6B /* FakeHTTPURLResponse.m */ = {isa = PBXFileReference; fileEncoding = 4; lastKnownFileType = sourcecode.c.objc; path = FakeHTTPURLResponse.m; sourceTree = "<group>"; };
		E1C3F22F161E28FC0023DCBB /* Specs.app */ = {isa = PBXFileReference; explicitFileType = wrapper.application; includeInIndex = 0; path = Specs.app; sourceTree = BUILT_PRODUCTS_DIR; };
		E1C3F233161E28FC0023DCBB /* CoreGraphics.framework */ = {isa = PBXFileReference; lastKnownFileType = wrapper.framework; name = CoreGraphics.framework; path = System/Library/Frameworks/CoreGraphics.framework; sourceTree = SDKROOT; };
		E1C3F237161E28FC0023DCBB /* Specs-Info.plist */ = {isa = PBXFileReference; lastKnownFileType = text.plist.xml; path = "Specs-Info.plist"; sourceTree = "<group>"; };
		E1C3F23B161E28FC0023DCBB /* main.mm */ = {isa = PBXFileReference; lastKnownFileType = sourcecode.cpp.objcpp; path = main.mm; sourceTree = "<group>"; };
		E1C3F248161E29F60023DCBB /* FakeHTTPURLProtocol.h */ = {isa = PBXFileReference; fileEncoding = 4; lastKnownFileType = sourcecode.c.h; path = FakeHTTPURLProtocol.h; sourceTree = "<group>"; };
		E1C3F249161E29F60023DCBB /* FakeHTTPURLProtocol.m */ = {isa = PBXFileReference; fileEncoding = 4; lastKnownFileType = sourcecode.c.objc; path = FakeHTTPURLProtocol.m; sourceTree = "<group>"; };
		E1C3F24B161E2AB20023DCBB /* FakeHTTPURLProtocolSpec.mm */ = {isa = PBXFileReference; fileEncoding = 4; lastKnownFileType = sourcecode.cpp.objcpp; path = FakeHTTPURLProtocolSpec.mm; sourceTree = "<group>"; };
		E1C4E7C6161E24B20005AF7B /* libFakeHTTP.a */ = {isa = PBXFileReference; explicitFileType = archive.ar; includeInIndex = 0; path = libFakeHTTP.a; sourceTree = BUILT_PRODUCTS_DIR; };
		E1C4E7C9161E24B20005AF7B /* Foundation.framework */ = {isa = PBXFileReference; lastKnownFileType = wrapper.framework; name = Foundation.framework; path = System/Library/Frameworks/Foundation.framework; sourceTree = SDKROOT; };
		E1C4E7CE161E24B20005AF7B /* FakeHTTP.h */ = {isa = PBXFileReference; lastKnownFileType = sourcecode.c.h; path = FakeHTTP.h; sourceTree = "<group>"; };
		E1C4E7D0161E24B20005AF7B /* FakeHTTP.m */ = {isa = PBXFileReference; lastKnownFileType = sourcecode.c.objc; path = FakeHTTP.m; sourceTree = "<group>"; };
		E1C4E7DF161E24D30005AF7B /* UIKit.framework */ = {isa = PBXFileReference; lastKnownFileType = wrapper.framework; name = UIKit.framework; path = Library/Frameworks/UIKit.framework; sourceTree = DEVELOPER_DIR; };
		E1C822F21624C0620097E199 /* FakeHTTPSpec.mm */ = {isa = PBXFileReference; fileEncoding = 4; lastKnownFileType = sourcecode.cpp.objcpp; path = FakeHTTPSpec.mm; sourceTree = "<group>"; };
/* End PBXFileReference section */

/* Begin PBXFrameworksBuildPhase section */
		34A662801BDF104B00EF0FEA /* Frameworks */ = {
			isa = PBXFrameworksBuildPhase;
			buildActionMask = 2147483647;
			files = (
				34A662941BDF116200EF0FEA /* Foundation.framework in Frameworks */,
			);
			runOnlyForDeploymentPostprocessing = 0;
		};
		34A662991BDF122100EF0FEA /* Frameworks */ = {
			isa = PBXFrameworksBuildPhase;
			buildActionMask = 2147483647;
			files = (
				34A662B01BDF129400EF0FEA /* Foundation.framework in Frameworks */,
			);
			runOnlyForDeploymentPostprocessing = 0;
		};
		AE104EC21707CB5700A9171F /* Frameworks */ = {
			isa = PBXFrameworksBuildPhase;
			buildActionMask = 2147483647;
			files = (
				AE104EC71707CB5700A9171F /* Cocoa.framework in Frameworks */,
			);
			runOnlyForDeploymentPostprocessing = 0;
		};
		E1C3F22C161E28FC0023DCBB /* Frameworks */ = {
			isa = PBXFrameworksBuildPhase;
			buildActionMask = 2147483647;
			files = (
				E1C3F247161E290D0023DCBB /* libFakeHTTP.a in Frameworks */,
				34A6627C1BDF0E1100EF0FEA /* Cedar.framework in Frameworks */,
				E1C3F231161E28FC0023DCBB /* UIKit.framework in Frameworks */,
				E1C3F232161E28FC0023DCBB /* Foundation.framework in Frameworks */,
				E1C3F234161E28FC0023DCBB /* CoreGraphics.framework in Frameworks */,
			);
			runOnlyForDeploymentPostprocessing = 0;
		};
		E1C4E7C3161E24B20005AF7B /* Frameworks */ = {
			isa = PBXFrameworksBuildPhase;
			buildActionMask = 2147483647;
			files = (
				E1C4E7CA161E24B20005AF7B /* Foundation.framework in Frameworks */,
			);
			runOnlyForDeploymentPostprocessing = 0;
		};
/* End PBXFrameworksBuildPhase section */

/* Begin PBXGroup section */
		E1C3F235161E28FC0023DCBB /* Specs */ = {
			isa = PBXGroup;
			children = (
				E1C3F236161E28FC0023DCBB /* Supporting Files */,
				E1C3F24B161E2AB20023DCBB /* FakeHTTPURLProtocolSpec.mm */,
				E1C822F21624C0620097E199 /* FakeHTTPSpec.mm */,
				E18611DE16B0891300C3D56C /* AsyncHelper.h */,
				E18611DF16B0891300C3D56C /* AsyncHelper.m */,
			);
			path = Specs;
			sourceTree = "<group>";
		};
		E1C3F236161E28FC0023DCBB /* Supporting Files */ = {
			isa = PBXGroup;
			children = (
				E1C3F237161E28FC0023DCBB /* Specs-Info.plist */,
				34A662B11BDF12D100EF0FEA /* Default-568h@2x.png */,
				E1C3F23B161E28FC0023DCBB /* main.mm */,
			);
			name = "Supporting Files";
			sourceTree = "<group>";
		};
		E1C4E7BB161E24B20005AF7B = {
			isa = PBXGroup;
			children = (
				E1C4E7CB161E24B20005AF7B /* FakeHTTP */,
				E1C3F235161E28FC0023DCBB /* Specs */,
				E1C4E7C8161E24B20005AF7B /* Frameworks */,
				E1C4E7C7161E24B20005AF7B /* Products */,
			);
			sourceTree = "<group>";
		};
		E1C4E7C7161E24B20005AF7B /* Products */ = {
			isa = PBXGroup;
			children = (
				E1C4E7C6161E24B20005AF7B /* libFakeHTTP.a */,
				E1C3F22F161E28FC0023DCBB /* Specs.app */,
				AE104EC51707CB5700A9171F /* libFakeHTTP.a */,
				34A662831BDF104B00EF0FEA /* libFakeHTTP.a */,
				34A6629C1BDF122100EF0FEA /* libFakeHTTP-watchOS.a */,
			);
			name = Products;
			sourceTree = "<group>";
		};
		E1C4E7C8161E24B20005AF7B /* Frameworks */ = {
			isa = PBXGroup;
			children = (
				E1C4E7C9161E24B20005AF7B /* Foundation.framework */,
				34A662AF1BDF129400EF0FEA /* Foundation.framework */,
				34A662931BDF116200EF0FEA /* Foundation.framework */,
				34A6627A1BDF0E0400EF0FEA /* Cedar.framework */,
				E1C4E7DF161E24D30005AF7B /* UIKit.framework */,
				E1C3F233161E28FC0023DCBB /* CoreGraphics.framework */,
				AE104EC61707CB5700A9171F /* Cocoa.framework */,
			);
			name = Frameworks;
			sourceTree = "<group>";
		};
		E1C4E7CB161E24B20005AF7B /* FakeHTTP */ = {
			isa = PBXGroup;
			children = (
				E1C4E7CE161E24B20005AF7B /* FakeHTTP.h */,
				E1C4E7D0161E24B20005AF7B /* FakeHTTP.m */,
				E1C3F248161E29F60023DCBB /* FakeHTTPURLProtocol.h */,
				E1C3F249161E29F60023DCBB /* FakeHTTPURLProtocol.m */,
				E1C3327F16236AAD005F2C6B /* FakeHTTPURLResponse.h */,
				E1C3328016236AAD005F2C6B /* FakeHTTPURLResponse.m */,
			);
			path = FakeHTTP;
			sourceTree = "<group>";
		};
/* End PBXGroup section */

/* Begin PBXHeadersBuildPhase section */
		34A662921BDF114700EF0FEA /* Headers */ = {
			isa = PBXHeadersBuildPhase;
			buildActionMask = 2147483647;
			files = (
				34A6628F1BDF112F00EF0FEA /* FakeHTTPURLResponse.h in Headers */,
				E1C4E7CF161E24B20005AF7B /* FakeHTTP.h in Headers */,
				34A662AB1BDF125100EF0FEA /* FakeHTTPURLProtocol.h in Headers */,
			);
			runOnlyForDeploymentPostprocessing = 0;
		};
		34A662951BDF117900EF0FEA /* Headers */ = {
			isa = PBXHeadersBuildPhase;
			buildActionMask = 2147483647;
			files = (
				34A662961BDF118300EF0FEA /* FakeHTTP.h in Headers */,
				34A662971BDF118300EF0FEA /* FakeHTTPURLResponse.h in Headers */,
				34A662A91BDF124F00EF0FEA /* FakeHTTPURLProtocol.h in Headers */,
			);
			runOnlyForDeploymentPostprocessing = 0;
		};
		34A662A51BDF124900EF0FEA /* Headers */ = {
			isa = PBXHeadersBuildPhase;
			buildActionMask = 2147483647;
			files = (
				34A662A81BDF124F00EF0FEA /* FakeHTTPURLResponse.h in Headers */,
				34A662A61BDF124F00EF0FEA /* FakeHTTP.h in Headers */,
				34A662A71BDF124F00EF0FEA /* FakeHTTPURLProtocol.h in Headers */,
			);
			runOnlyForDeploymentPostprocessing = 0;
		};
		AE104EC31707CB5700A9171F /* Headers */ = {
			isa = PBXHeadersBuildPhase;
			buildActionMask = 2147483647;
			files = (
				34A662901BDF114100EF0FEA /* FakeHTTP.h in Headers */,
				34A662911BDF114100EF0FEA /* FakeHTTPURLResponse.h in Headers */,
				34A662AA1BDF125000EF0FEA /* FakeHTTPURLProtocol.h in Headers */,
			);
			runOnlyForDeploymentPostprocessing = 0;
		};
/* End PBXHeadersBuildPhase section */

/* Begin PBXNativeTarget section */
		34A662821BDF104B00EF0FEA /* FakeHTTP-tvOS */ = {
			isa = PBXNativeTarget;
			buildConfigurationList = 34A662891BDF104B00EF0FEA /* Build configuration list for PBXNativeTarget "FakeHTTP-tvOS" */;
			buildPhases = (
				34A6627F1BDF104B00EF0FEA /* Sources */,
				34A662801BDF104B00EF0FEA /* Frameworks */,
				34A662951BDF117900EF0FEA /* Headers */,
			);
			buildRules = (
			);
			dependencies = (
			);
			name = "FakeHTTP-tvOS";
			productName = "FakeHTTP-tvOS";
			productReference = 34A662831BDF104B00EF0FEA /* libFakeHTTP.a */;
			productType = "com.apple.product-type.library.static";
		};
		34A6629B1BDF122100EF0FEA /* FakeHTTP-watchOS */ = {
			isa = PBXNativeTarget;
			buildConfigurationList = 34A662A21BDF122100EF0FEA /* Build configuration list for PBXNativeTarget "FakeHTTP-watchOS" */;
			buildPhases = (
				34A662981BDF122100EF0FEA /* Sources */,
				34A662991BDF122100EF0FEA /* Frameworks */,
				34A662A51BDF124900EF0FEA /* Headers */,
			);
			buildRules = (
			);
			dependencies = (
			);
			name = "FakeHTTP-watchOS";
			productName = "FakeHTTP-watchOS";
			productReference = 34A6629C1BDF122100EF0FEA /* libFakeHTTP-watchOS.a */;
			productType = "com.apple.product-type.library.static";
		};
		AE104EC41707CB5700A9171F /* FakeHTTP-OSX */ = {
			isa = PBXNativeTarget;
			buildConfigurationList = AE104ED21707CB5700A9171F /* Build configuration list for PBXNativeTarget "FakeHTTP-OSX" */;
			buildPhases = (
				AE104EC11707CB5700A9171F /* Sources */,
				AE104EC21707CB5700A9171F /* Frameworks */,
				AE104EC31707CB5700A9171F /* Headers */,
			);
			buildRules = (
			);
			dependencies = (
			);
			name = "FakeHTTP-OSX";
			productName = "FakeHTTP-OSX";
			productReference = AE104EC51707CB5700A9171F /* libFakeHTTP.a */;
			productType = "com.apple.product-type.library.static";
		};
		E1C3F22E161E28FC0023DCBB /* Specs */ = {
			isa = PBXNativeTarget;
			buildConfigurationList = E1C3F242161E28FD0023DCBB /* Build configuration list for PBXNativeTarget "Specs" */;
			buildPhases = (
				E1C3F22B161E28FC0023DCBB /* Sources */,
				E1C3F22C161E28FC0023DCBB /* Frameworks */,
				E1C3F22D161E28FC0023DCBB /* Resources */,
				34A6627D1BDF0EDA00EF0FEA /* CopyFiles */,
			);
			buildRules = (
			);
			dependencies = (
				E1C3F246161E29070023DCBB /* PBXTargetDependency */,
			);
			name = Specs;
			productName = Specs;
			productReference = E1C3F22F161E28FC0023DCBB /* Specs.app */;
			productType = "com.apple.product-type.application";
		};
		E1C4E7C5161E24B20005AF7B /* FakeHTTP-iOS */ = {
			isa = PBXNativeTarget;
			buildConfigurationList = E1C4E7D4161E24B20005AF7B /* Build configuration list for PBXNativeTarget "FakeHTTP-iOS" */;
			buildPhases = (
				E1C4E7C2161E24B20005AF7B /* Sources */,
				E1C4E7C3161E24B20005AF7B /* Frameworks */,
				34A662921BDF114700EF0FEA /* Headers */,
			);
			buildRules = (
			);
			dependencies = (
			);
			name = "FakeHTTP-iOS";
			productName = FakeHTTP;
			productReference = E1C4E7C6161E24B20005AF7B /* libFakeHTTP.a */;
			productType = "com.apple.product-type.library.static";
		};
/* End PBXNativeTarget section */

/* Begin PBXProject section */
		E1C4E7BD161E24B20005AF7B /* Project object */ = {
			isa = PBXProject;
			attributes = {
				LastUpgradeCheck = 0710;
				ORGANIZATIONNAME = "Kurtis Seebaldt";
				TargetAttributes = {
					34A662821BDF104B00EF0FEA = {
						CreatedOnToolsVersion = 7.1;
					};
					34A6629B1BDF122100EF0FEA = {
						CreatedOnToolsVersion = 7.1;
					};
				};
			};
			buildConfigurationList = E1C4E7C0161E24B20005AF7B /* Build configuration list for PBXProject "FakeHTTP" */;
			compatibilityVersion = "Xcode 3.2";
			developmentRegion = English;
			hasScannedForEncodings = 0;
			knownRegions = (
				en,
			);
			mainGroup = E1C4E7BB161E24B20005AF7B;
			productRefGroup = E1C4E7C7161E24B20005AF7B /* Products */;
			projectDirPath = "";
			projectRoot = "";
			targets = (
				E1C4E7C5161E24B20005AF7B /* FakeHTTP-iOS */,
				AE104EC41707CB5700A9171F /* FakeHTTP-OSX */,
				34A6629B1BDF122100EF0FEA /* FakeHTTP-watchOS */,
				34A662821BDF104B00EF0FEA /* FakeHTTP-tvOS */,
				E1C3F22E161E28FC0023DCBB /* Specs */,
			);
		};
/* End PBXProject section */

/* Begin PBXResourcesBuildPhase section */
		E1C3F22D161E28FC0023DCBB /* Resources */ = {
			isa = PBXResourcesBuildPhase;
			buildActionMask = 2147483647;
			files = (
				34A662B21BDF12D100EF0FEA /* Default-568h@2x.png in Resources */,
			);
			runOnlyForDeploymentPostprocessing = 0;
		};
/* End PBXResourcesBuildPhase section */

/* Begin PBXSourcesBuildPhase section */
		34A6627F1BDF104B00EF0FEA /* Sources */ = {
			isa = PBXSourcesBuildPhase;
			buildActionMask = 2147483647;
			files = (
				34A6628C1BDF10D900EF0FEA /* FakeHTTP.m in Sources */,
				34A6628E1BDF10E700EF0FEA /* FakeHTTPURLResponse.m in Sources */,
				34A6628D1BDF10E300EF0FEA /* FakeHTTPURLProtocol.m in Sources */,
			);
			runOnlyForDeploymentPostprocessing = 0;
		};
		34A662981BDF122100EF0FEA /* Sources */ = {
			isa = PBXSourcesBuildPhase;
			buildActionMask = 2147483647;
			files = (
				34A662AC1BDF125B00EF0FEA /* FakeHTTP.m in Sources */,
				34A662AE1BDF125B00EF0FEA /* FakeHTTPURLResponse.m in Sources */,
				34A662AD1BDF125B00EF0FEA /* FakeHTTPURLProtocol.m in Sources */,
			);
			runOnlyForDeploymentPostprocessing = 0;
		};
		AE104EC11707CB5700A9171F /* Sources */ = {
			isa = PBXSourcesBuildPhase;
			buildActionMask = 2147483647;
			files = (
				AE104ED61707CB8C00A9171F /* FakeHTTP.m in Sources */,
				AE104ED71707CB9200A9171F /* FakeHTTPURLProtocol.m in Sources */,
				AE104ED81707CB9700A9171F /* FakeHTTPURLResponse.m in Sources */,
			);
			runOnlyForDeploymentPostprocessing = 0;
		};
		E1C3F22B161E28FC0023DCBB /* Sources */ = {
			isa = PBXSourcesBuildPhase;
			buildActionMask = 2147483647;
			files = (
				E1C3F23C161E28FC0023DCBB /* main.mm in Sources */,
				E1C3F24C161E2AB20023DCBB /* FakeHTTPURLProtocolSpec.mm in Sources */,
				E1C822F31624C0620097E199 /* FakeHTTPSpec.mm in Sources */,
				E18611E016B0891300C3D56C /* AsyncHelper.m in Sources */,
			);
			runOnlyForDeploymentPostprocessing = 0;
		};
		E1C4E7C2161E24B20005AF7B /* Sources */ = {
			isa = PBXSourcesBuildPhase;
			buildActionMask = 2147483647;
			files = (
				E1C4E7D1161E24B20005AF7B /* FakeHTTP.m in Sources */,
				E1C3F24A161E29F60023DCBB /* FakeHTTPURLProtocol.m in Sources */,
				E1C332831624BD5F005F2C6B /* FakeHTTPURLResponse.m in Sources */,
			);
			runOnlyForDeploymentPostprocessing = 0;
		};
/* End PBXSourcesBuildPhase section */

/* Begin PBXTargetDependency section */
		E1C3F246161E29070023DCBB /* PBXTargetDependency */ = {
			isa = PBXTargetDependency;
			target = E1C4E7C5161E24B20005AF7B /* FakeHTTP-iOS */;
			targetProxy = E1C3F245161E29070023DCBB /* PBXContainerItemProxy */;
		};
/* End PBXTargetDependency section */

/* Begin XCBuildConfiguration section */
		34A6628A1BDF104B00EF0FEA /* Debug */ = {
			isa = XCBuildConfiguration;
			buildSettings = {
				CLANG_ENABLE_MODULES = YES;
				CLANG_WARN_BOOL_CONVERSION = YES;
				CLANG_WARN_CONSTANT_CONVERSION = YES;
				CLANG_WARN_DIRECT_OBJC_ISA_USAGE = YES_ERROR;
				CLANG_WARN_ENUM_CONVERSION = YES;
				CLANG_WARN_INT_CONVERSION = YES;
				CLANG_WARN_OBJC_ROOT_CLASS = YES_ERROR;
				CLANG_WARN_UNREACHABLE_CODE = YES;
				ENABLE_STRICT_OBJC_MSGSEND = YES;
				GCC_NO_COMMON_BLOCKS = YES;
				GCC_WARN_64_TO_32_BIT_CONVERSION = YES;
				GCC_WARN_ABOUT_RETURN_TYPE = YES_ERROR;
				GCC_WARN_UNDECLARED_SELECTOR = YES;
				GCC_WARN_UNINITIALIZED_AUTOS = YES_AGGRESSIVE;
				GCC_WARN_UNUSED_FUNCTION = YES;
				OTHER_LDFLAGS = "-ObjC";
				PRODUCT_NAME = FakeHTTP;
				SDKROOT = appletvos;
				SKIP_INSTALL = YES;
				TVOS_DEPLOYMENT_TARGET = 9.0;
			};
			name = Debug;
		};
		34A6628B1BDF104B00EF0FEA /* Release */ = {
			isa = XCBuildConfiguration;
			buildSettings = {
				CLANG_ENABLE_MODULES = YES;
				CLANG_WARN_BOOL_CONVERSION = YES;
				CLANG_WARN_CONSTANT_CONVERSION = YES;
				CLANG_WARN_DIRECT_OBJC_ISA_USAGE = YES_ERROR;
				CLANG_WARN_ENUM_CONVERSION = YES;
				CLANG_WARN_INT_CONVERSION = YES;
				CLANG_WARN_OBJC_ROOT_CLASS = YES_ERROR;
				CLANG_WARN_UNREACHABLE_CODE = YES;
				ENABLE_STRICT_OBJC_MSGSEND = YES;
				GCC_NO_COMMON_BLOCKS = YES;
				GCC_WARN_64_TO_32_BIT_CONVERSION = YES;
				GCC_WARN_ABOUT_RETURN_TYPE = YES_ERROR;
				GCC_WARN_UNDECLARED_SELECTOR = YES;
				GCC_WARN_UNINITIALIZED_AUTOS = YES_AGGRESSIVE;
				GCC_WARN_UNUSED_FUNCTION = YES;
				OTHER_LDFLAGS = "-ObjC";
				PRODUCT_NAME = FakeHTTP;
				SDKROOT = appletvos;
				SKIP_INSTALL = YES;
				TVOS_DEPLOYMENT_TARGET = 9.0;
			};
			name = Release;
		};
		34A662A31BDF122100EF0FEA /* Debug */ = {
			isa = XCBuildConfiguration;
			buildSettings = {
				CLANG_ENABLE_MODULES = YES;
				CLANG_WARN_BOOL_CONVERSION = YES;
				CLANG_WARN_CONSTANT_CONVERSION = YES;
				CLANG_WARN_DIRECT_OBJC_ISA_USAGE = YES_ERROR;
				CLANG_WARN_ENUM_CONVERSION = YES;
				CLANG_WARN_INT_CONVERSION = YES;
				CLANG_WARN_OBJC_ROOT_CLASS = YES_ERROR;
				CLANG_WARN_UNREACHABLE_CODE = YES;
				DEBUG_INFORMATION_FORMAT = dwarf;
				ENABLE_STRICT_OBJC_MSGSEND = YES;
				ENABLE_TESTABILITY = YES;
				GCC_NO_COMMON_BLOCKS = YES;
				GCC_WARN_64_TO_32_BIT_CONVERSION = YES;
				GCC_WARN_ABOUT_RETURN_TYPE = YES_ERROR;
				GCC_WARN_UNDECLARED_SELECTOR = YES;
				GCC_WARN_UNINITIALIZED_AUTOS = YES_AGGRESSIVE;
				GCC_WARN_UNUSED_FUNCTION = YES;
				MTL_ENABLE_DEBUG_INFO = YES;
				OTHER_LDFLAGS = "-ObjC";
				PRODUCT_NAME = "$(TARGET_NAME)";
				SDKROOT = watchos;
				SKIP_INSTALL = YES;
				WATCHOS_DEPLOYMENT_TARGET = 2.0;
			};
			name = Debug;
		};
		34A662A41BDF122100EF0FEA /* Release */ = {
			isa = XCBuildConfiguration;
			buildSettings = {
				CLANG_ENABLE_MODULES = YES;
				CLANG_WARN_BOOL_CONVERSION = YES;
				CLANG_WARN_CONSTANT_CONVERSION = YES;
				CLANG_WARN_DIRECT_OBJC_ISA_USAGE = YES_ERROR;
				CLANG_WARN_ENUM_CONVERSION = YES;
				CLANG_WARN_INT_CONVERSION = YES;
				CLANG_WARN_OBJC_ROOT_CLASS = YES_ERROR;
				CLANG_WARN_UNREACHABLE_CODE = YES;
				COPY_PHASE_STRIP = NO;
				DEBUG_INFORMATION_FORMAT = "dwarf-with-dsym";
				ENABLE_NS_ASSERTIONS = NO;
				ENABLE_STRICT_OBJC_MSGSEND = YES;
				GCC_NO_COMMON_BLOCKS = YES;
				GCC_WARN_64_TO_32_BIT_CONVERSION = YES;
				GCC_WARN_ABOUT_RETURN_TYPE = YES_ERROR;
				GCC_WARN_UNDECLARED_SELECTOR = YES;
				GCC_WARN_UNINITIALIZED_AUTOS = YES_AGGRESSIVE;
				GCC_WARN_UNUSED_FUNCTION = YES;
				MTL_ENABLE_DEBUG_INFO = NO;
				OTHER_LDFLAGS = "-ObjC";
				PRODUCT_NAME = "$(TARGET_NAME)";
				SDKROOT = watchos;
				SKIP_INSTALL = YES;
				WATCHOS_DEPLOYMENT_TARGET = 2.0;
			};
			name = Release;
		};
		AE104ED31707CB5700A9171F /* Debug */ = {
			isa = XCBuildConfiguration;
			buildSettings = {
				CLANG_WARN_CONSTANT_CONVERSION = YES;
				CLANG_WARN_ENUM_CONVERSION = YES;
				CLANG_WARN_INT_CONVERSION = YES;
				COMBINE_HIDPI_IMAGES = YES;
				GCC_ENABLE_OBJC_EXCEPTIONS = YES;
				GCC_WARN_64_TO_32_BIT_CONVERSION = YES;
				MACOSX_DEPLOYMENT_TARGET = 10.7;
				ONLY_ACTIVE_ARCH = YES;
				PRODUCT_NAME = FakeHTTP;
				SDKROOT = macosx;
			};
			name = Debug;
		};
		AE104ED41707CB5700A9171F /* Release */ = {
			isa = XCBuildConfiguration;
			buildSettings = {
				CLANG_WARN_CONSTANT_CONVERSION = YES;
				CLANG_WARN_ENUM_CONVERSION = YES;
				CLANG_WARN_INT_CONVERSION = YES;
				COMBINE_HIDPI_IMAGES = YES;
				GCC_ENABLE_OBJC_EXCEPTIONS = YES;
				GCC_WARN_64_TO_32_BIT_CONVERSION = YES;
				MACOSX_DEPLOYMENT_TARGET = 10.7;
				PRODUCT_NAME = FakeHTTP;
				SDKROOT = macosx;
			};
			name = Release;
		};
		E1C3F243161E28FD0023DCBB /* Debug */ = {
			isa = XCBuildConfiguration;
			buildSettings = {
				"CODE_SIGN_IDENTITY[sdk=iphoneos*]" = "iPhone Developer";
				FRAMEWORK_SEARCH_PATHS = (
					"$(inherited)",
					"$(PROJECT_DIR)/Specs/Frameworks",
				);
				GCC_TREAT_WARNINGS_AS_ERRORS = YES;
				INFOPLIST_FILE = "Specs/Specs-Info.plist";
				IPHONEOS_DEPLOYMENT_TARGET = 8.0;
				LD_RUNPATH_SEARCH_PATHS = "$(inherited) @executable_path/Frameworks";
				OTHER_LDFLAGS = (
					"-ObjC",
					"-all_load",
					"-lstdc++",
				);
				PRODUCT_BUNDLE_IDENTIFIER = "com.fublaza.${PRODUCT_NAME:rfc1034identifier}";
				PRODUCT_NAME = "$(TARGET_NAME)";
				WRAPPER_EXTENSION = app;
			};
			name = Debug;
		};
		E1C3F244161E28FD0023DCBB /* Release */ = {
			isa = XCBuildConfiguration;
			buildSettings = {
				"CODE_SIGN_IDENTITY[sdk=iphoneos*]" = "iPhone Developer";
				FRAMEWORK_SEARCH_PATHS = (
					"$(inherited)",
					"$(PROJECT_DIR)/Specs/Frameworks",
				);
				GCC_TREAT_WARNINGS_AS_ERRORS = YES;
				INFOPLIST_FILE = "Specs/Specs-Info.plist";
				IPHONEOS_DEPLOYMENT_TARGET = 8.0;
				LD_RUNPATH_SEARCH_PATHS = "$(inherited) @executable_path/Frameworks";
				OTHER_CFLAGS = "-DNS_BLOCK_ASSERTIONS=1";
				OTHER_LDFLAGS = (
					"-ObjC",
					"-all_load",
					"-lstdc++",
				);
				PRODUCT_BUNDLE_IDENTIFIER = "com.fublaza.${PRODUCT_NAME:rfc1034identifier}";
				PRODUCT_NAME = "$(TARGET_NAME)";
				WRAPPER_EXTENSION = app;
			};
			name = Release;
		};
		E1C4E7D2161E24B20005AF7B /* Debug */ = {
			isa = XCBuildConfiguration;
			buildSettings = {
				ALWAYS_SEARCH_USER_PATHS = NO;
				CLANG_CXX_LANGUAGE_STANDARD = "gnu++0x";
				CLANG_CXX_LIBRARY = "libc++";
				CLANG_ENABLE_OBJC_ARC = YES;
				CLANG_WARN_EMPTY_BODY = YES;
				CLANG_WARN__DUPLICATE_METHOD_MATCH = YES;
				COPY_PHASE_STRIP = NO;
				GCC_C_LANGUAGE_STANDARD = gnu99;
				GCC_DYNAMIC_NO_PIC = NO;
				GCC_OPTIMIZATION_LEVEL = 0;
				GCC_PREPROCESSOR_DEFINITIONS = (
					"DEBUG=1",
					"$(inherited)",
				);
				GCC_SYMBOLS_PRIVATE_EXTERN = NO;
				GCC_WARN_ABOUT_RETURN_TYPE = YES;
				GCC_WARN_UNINITIALIZED_AUTOS = YES;
				GCC_WARN_UNUSED_VARIABLE = YES;
				IPHONEOS_DEPLOYMENT_TARGET = 5.0;
				ONLY_ACTIVE_ARCH = YES;
				SDKROOT = iphoneos;
			};
			name = Debug;
		};
		E1C4E7D3161E24B20005AF7B /* Release */ = {
			isa = XCBuildConfiguration;
			buildSettings = {
				ALWAYS_SEARCH_USER_PATHS = NO;
				CLANG_CXX_LANGUAGE_STANDARD = "gnu++0x";
				CLANG_CXX_LIBRARY = "libc++";
				CLANG_ENABLE_OBJC_ARC = YES;
				CLANG_WARN_EMPTY_BODY = YES;
				CLANG_WARN__DUPLICATE_METHOD_MATCH = YES;
				COPY_PHASE_STRIP = YES;
				GCC_C_LANGUAGE_STANDARD = gnu99;
				GCC_WARN_ABOUT_RETURN_TYPE = YES;
				GCC_WARN_UNINITIALIZED_AUTOS = YES;
				GCC_WARN_UNUSED_VARIABLE = YES;
				IPHONEOS_DEPLOYMENT_TARGET = 5.0;
				SDKROOT = iphoneos;
				VALIDATE_PRODUCT = YES;
			};
			name = Release;
		};
		E1C4E7D5161E24B20005AF7B /* Debug */ = {
			isa = XCBuildConfiguration;
			buildSettings = {
				DSTROOT = /tmp/FakeHTTP.dst;
				GCC_TREAT_WARNINGS_AS_ERRORS = YES;
				OTHER_LDFLAGS = "-ObjC";
				PRODUCT_NAME = FakeHTTP;
				SKIP_INSTALL = YES;
			};
			name = Debug;
		};
		E1C4E7D6161E24B20005AF7B /* Release */ = {
			isa = XCBuildConfiguration;
			buildSettings = {
				DSTROOT = /tmp/FakeHTTP.dst;
				GCC_TREAT_WARNINGS_AS_ERRORS = YES;
				OTHER_LDFLAGS = "-ObjC";
				PRODUCT_NAME = FakeHTTP;
				SKIP_INSTALL = YES;
			};
			name = Release;
		};
/* End XCBuildConfiguration section */

/* Begin XCConfigurationList section */
		34A662891BDF104B00EF0FEA /* Build configuration list for PBXNativeTarget "FakeHTTP-tvOS" */ = {
			isa = XCConfigurationList;
			buildConfigurations = (
				34A6628A1BDF104B00EF0FEA /* Debug */,
				34A6628B1BDF104B00EF0FEA /* Release */,
			);
			defaultConfigurationIsVisible = 0;
		};
		34A662A21BDF122100EF0FEA /* Build configuration list for PBXNativeTarget "FakeHTTP-watchOS" */ = {
			isa = XCConfigurationList;
			buildConfigurations = (
				34A662A31BDF122100EF0FEA /* Debug */,
				34A662A41BDF122100EF0FEA /* Release */,
			);
			defaultConfigurationIsVisible = 0;
		};
		AE104ED21707CB5700A9171F /* Build configuration list for PBXNativeTarget "FakeHTTP-OSX" */ = {
			isa = XCConfigurationList;
			buildConfigurations = (
				AE104ED31707CB5700A9171F /* Debug */,
				AE104ED41707CB5700A9171F /* Release */,
			);
			defaultConfigurationIsVisible = 0;
			defaultConfigurationName = Release;
		};
		E1C3F242161E28FD0023DCBB /* Build configuration list for PBXNativeTarget "Specs" */ = {
			isa = XCConfigurationList;
			buildConfigurations = (
				E1C3F243161E28FD0023DCBB /* Debug */,
				E1C3F244161E28FD0023DCBB /* Release */,
			);
			defaultConfigurationIsVisible = 0;
			defaultConfigurationName = Release;
		};
		E1C4E7C0161E24B20005AF7B /* Build configuration list for PBXProject "FakeHTTP" */ = {
			isa = XCConfigurationList;
			buildConfigurations = (
				E1C4E7D2161E24B20005AF7B /* Debug */,
				E1C4E7D3161E24B20005AF7B /* Release */,
			);
			defaultConfigurationIsVisible = 0;
			defaultConfigurationName = Release;
		};
		E1C4E7D4161E24B20005AF7B /* Build configuration list for PBXNativeTarget "FakeHTTP-iOS" */ = {
			isa = XCConfigurationList;
			buildConfigurations = (
				E1C4E7D5161E24B20005AF7B /* Debug */,
				E1C4E7D6161E24B20005AF7B /* Release */,
			);
			defaultConfigurationIsVisible = 0;
			defaultConfigurationName = Release;
		};
/* End XCConfigurationList section */
	};
	rootObject = E1C4E7BD161E24B20005AF7B /* Project object */;
}
